// !$*UTF8*$!
{
	archiveVersion = 1;
	classes = {
	};
	objectVersion = 46;
	objects = {

/* Begin PBXBuildFile section */
		6B7759DA1D90957800191B58 /* AppDelegate.swift in Sources */ = {isa = PBXBuildFile; fileRef = 6B7759D91D90957800191B58 /* AppDelegate.swift */; };
		6B7759DC1D90957800191B58 /* SimulationViewController.swift in Sources */ = {isa = PBXBuildFile; fileRef = 6B7759DB1D90957800191B58 /* SimulationViewController.swift */; };
		6B7759DE1D90957800191B58 /* InstrumentationViewController.swift in Sources */ = {isa = PBXBuildFile; fileRef = 6B7759DD1D90957800191B58 /* InstrumentationViewController.swift */; };
		6B7759E11D90957800191B58 /* Main.storyboard in Resources */ = {isa = PBXBuildFile; fileRef = 6B7759DF1D90957800191B58 /* Main.storyboard */; };
		6B7759E31D90957800191B58 /* Assets.xcassets in Resources */ = {isa = PBXBuildFile; fileRef = 6B7759E21D90957800191B58 /* Assets.xcassets */; };
		6B7759E61D90957800191B58 /* LaunchScreen.storyboard in Resources */ = {isa = PBXBuildFile; fileRef = 6B7759E41D90957800191B58 /* LaunchScreen.storyboard */; };
		6B7759F11D90957900191B58 /* Assignment_1Tests.swift in Sources */ = {isa = PBXBuildFile; fileRef = 6B7759F01D90957900191B58 /* Assignment_1Tests.swift */; };
		6B7759FC1D90957900191B58 /* Assignment_1UITests.swift in Sources */ = {isa = PBXBuildFile; fileRef = 6B7759FB1D90957900191B58 /* Assignment_1UITests.swift */; };
/* End PBXBuildFile section */

/* Begin PBXContainerItemProxy section */
		6B7759ED1D90957900191B58 /* PBXContainerItemProxy */ = {
			isa = PBXContainerItemProxy;
			containerPortal = 6B7759CE1D90957800191B58 /* Project object */;
			proxyType = 1;
			remoteGlobalIDString = 6B7759D51D90957800191B58;
			remoteInfo = "Assignment 1";
		};
		6B7759F81D90957900191B58 /* PBXContainerItemProxy */ = {
			isa = PBXContainerItemProxy;
			containerPortal = 6B7759CE1D90957800191B58 /* Project object */;
			proxyType = 1;
			remoteGlobalIDString = 6B7759D51D90957800191B58;
			remoteInfo = "Assignment 1";
		};
/* End PBXContainerItemProxy section */

/* Begin PBXFileReference section */
		6B7759D61D90957800191B58 /* Assignment 1.app */ = {isa = PBXFileReference; explicitFileType = wrapper.application; includeInIndex = 0; path = "Assignment 1.app"; sourceTree = BUILT_PRODUCTS_DIR; };
		6B7759D91D90957800191B58 /* AppDelegate.swift */ = {isa = PBXFileReference; lastKnownFileType = sourcecode.swift; path = AppDelegate.swift; sourceTree = "<group>"; };
		6B7759DB1D90957800191B58 /* SimulationViewController.swift */ = {isa = PBXFileReference; lastKnownFileType = sourcecode.swift; path = SimulationViewController.swift; sourceTree = "<group>"; };
		6B7759DD1D90957800191B58 /* InstrumentationViewController.swift */ = {isa = PBXFileReference; lastKnownFileType = sourcecode.swift; path = InstrumentationViewController.swift; sourceTree = "<group>"; };
		6B7759E01D90957800191B58 /* Base */ = {isa = PBXFileReference; lastKnownFileType = file.storyboard; name = Base; path = Base.lproj/Main.storyboard; sourceTree = "<group>"; };
		6B7759E21D90957800191B58 /* Assets.xcassets */ = {isa = PBXFileReference; lastKnownFileType = folder.assetcatalog; path = Assets.xcassets; sourceTree = "<group>"; };
		6B7759E51D90957800191B58 /* Base */ = {isa = PBXFileReference; lastKnownFileType = file.storyboard; name = Base; path = Base.lproj/LaunchScreen.storyboard; sourceTree = "<group>"; };
		6B7759E71D90957800191B58 /* Info.plist */ = {isa = PBXFileReference; lastKnownFileType = text.plist.xml; path = Info.plist; sourceTree = "<group>"; };
		6B7759EC1D90957900191B58 /* Assignment 1Tests.xctest */ = {isa = PBXFileReference; explicitFileType = wrapper.cfbundle; includeInIndex = 0; path = "Assignment 1Tests.xctest"; sourceTree = BUILT_PRODUCTS_DIR; };
		6B7759F01D90957900191B58 /* Assignment_1Tests.swift */ = {isa = PBXFileReference; lastKnownFileType = sourcecode.swift; path = Assignment_1Tests.swift; sourceTree = "<group>"; };
		6B7759F21D90957900191B58 /* Info.plist */ = {isa = PBXFileReference; lastKnownFileType = text.plist.xml; path = Info.plist; sourceTree = "<group>"; };
		6B7759F71D90957900191B58 /* Assignment 1UITests.xctest */ = {isa = PBXFileReference; explicitFileType = wrapper.cfbundle; includeInIndex = 0; path = "Assignment 1UITests.xctest"; sourceTree = BUILT_PRODUCTS_DIR; };
		6B7759FB1D90957900191B58 /* Assignment_1UITests.swift */ = {isa = PBXFileReference; lastKnownFileType = sourcecode.swift; path = Assignment_1UITests.swift; sourceTree = "<group>"; };
		6B7759FD1D90957900191B58 /* Info.plist */ = {isa = PBXFileReference; lastKnownFileType = text.plist.xml; path = Info.plist; sourceTree = "<group>"; };
/* End PBXFileReference section */

/* Begin PBXFrameworksBuildPhase section */
		6B7759D31D90957800191B58 /* Frameworks */ = {
			isa = PBXFrameworksBuildPhase;
			buildActionMask = 2147483647;
			files = (
			);
			runOnlyForDeploymentPostprocessing = 0;
		};
		6B7759E91D90957900191B58 /* Frameworks */ = {
			isa = PBXFrameworksBuildPhase;
			buildActionMask = 2147483647;
			files = (
			);
			runOnlyForDeploymentPostprocessing = 0;
		};
		6B7759F41D90957900191B58 /* Frameworks */ = {
			isa = PBXFrameworksBuildPhase;
			buildActionMask = 2147483647;
			files = (
			);
			runOnlyForDeploymentPostprocessing = 0;
		};
/* End PBXFrameworksBuildPhase section */

/* Begin PBXGroup section */
		6B7759CD1D90957800191B58 = {
			isa = PBXGroup;
			children = (
				6B7759D81D90957800191B58 /* Assignment 1 */,
				6B7759EF1D90957900191B58 /* Assignment 1Tests */,
				6B7759FA1D90957900191B58 /* Assignment 1UITests */,
				6B7759D71D90957800191B58 /* Products */,
			);
			sourceTree = "<group>";
		};
		6B7759D71D90957800191B58 /* Products */ = {
			isa = PBXGroup;
			children = (
				6B7759D61D90957800191B58 /* Assignment 1.app */,
				6B7759EC1D90957900191B58 /* Assignment 1Tests.xctest */,
				6B7759F71D90957900191B58 /* Assignment 1UITests.xctest */,
			);
			name = Products;
			sourceTree = "<group>";
		};
		6B7759D81D90957800191B58 /* Assignment 1 */ = {
			isa = PBXGroup;
			children = (
				6B7759D91D90957800191B58 /* AppDelegate.swift */,
				6B7759DB1D90957800191B58 /* SimulationViewController.swift */,
				6B7759DD1D90957800191B58 /* InstrumentationViewController.swift */,
				6B7759DF1D90957800191B58 /* Main.storyboard */,
				6B7759E21D90957800191B58 /* Assets.xcassets */,
				6B7759E41D90957800191B58 /* LaunchScreen.storyboard */,
				6B7759E71D90957800191B58 /* Info.plist */,
			);
			path = "Assignment 1";
			sourceTree = "<group>";
		};
		6B7759EF1D90957900191B58 /* Assignment 1Tests */ = {
			isa = PBXGroup;
			children = (
				6B7759F01D90957900191B58 /* Assignment_1Tests.swift */,
				6B7759F21D90957900191B58 /* Info.plist */,
			);
			path = "Assignment 1Tests";
			sourceTree = "<group>";
		};
		6B7759FA1D90957900191B58 /* Assignment 1UITests */ = {
			isa = PBXGroup;
			children = (
				6B7759FB1D90957900191B58 /* Assignment_1UITests.swift */,
				6B7759FD1D90957900191B58 /* Info.plist */,
			);
			path = "Assignment 1UITests";
			sourceTree = "<group>";
		};
/* End PBXGroup section */

/* Begin PBXNativeTarget section */
		6B7759D51D90957800191B58 /* Assignment 1 */ = {
			isa = PBXNativeTarget;
			buildConfigurationList = 6B775A001D90957900191B58 /* Build configuration list for PBXNativeTarget "Assignment 1" */;
			buildPhases = (
				6B7759D21D90957800191B58 /* Sources */,
				6B7759D31D90957800191B58 /* Frameworks */,
				6B7759D41D90957800191B58 /* Resources */,
			);
			buildRules = (
			);
			dependencies = (
			);
			name = "Assignment 1";
			productName = "Assignment 1";
			productReference = 6B7759D61D90957800191B58 /* Assignment 1.app */;
			productType = "com.apple.product-type.application";
		};
		6B7759EB1D90957900191B58 /* Assignment 1Tests */ = {
			isa = PBXNativeTarget;
			buildConfigurationList = 6B775A031D90957900191B58 /* Build configuration list for PBXNativeTarget "Assignment 1Tests" */;
			buildPhases = (
				6B7759E81D90957900191B58 /* Sources */,
				6B7759E91D90957900191B58 /* Frameworks */,
				6B7759EA1D90957900191B58 /* Resources */,
			);
			buildRules = (
			);
			dependencies = (
				6B7759EE1D90957900191B58 /* PBXTargetDependency */,
			);
			name = "Assignment 1Tests";
			productName = "Assignment 1Tests";
			productReference = 6B7759EC1D90957900191B58 /* Assignment 1Tests.xctest */;
			productType = "com.apple.product-type.bundle.unit-test";
		};
		6B7759F61D90957900191B58 /* Assignment 1UITests */ = {
			isa = PBXNativeTarget;
			buildConfigurationList = 6B775A061D90957900191B58 /* Build configuration list for PBXNativeTarget "Assignment 1UITests" */;
			buildPhases = (
				6B7759F31D90957900191B58 /* Sources */,
				6B7759F41D90957900191B58 /* Frameworks */,
				6B7759F51D90957900191B58 /* Resources */,
			);
			buildRules = (
			);
			dependencies = (
				6B7759F91D90957900191B58 /* PBXTargetDependency */,
			);
			name = "Assignment 1UITests";
			productName = "Assignment 1UITests";
			productReference = 6B7759F71D90957900191B58 /* Assignment 1UITests.xctest */;
			productType = "com.apple.product-type.bundle.ui-testing";
		};
/* End PBXNativeTarget section */

/* Begin PBXProject section */
		6B7759CE1D90957800191B58 /* Project object */ = {
			isa = PBXProject;
			attributes = {
				LastSwiftUpdateCheck = 0800;
				LastUpgradeCheck = 0800;
				ORGANIZATIONNAME = "Bryan Finlayson";
				TargetAttributes = {
					6B7759D51D90957800191B58 = {
						CreatedOnToolsVersion = 8.0;
						ProvisioningStyle = Automatic;
					};
					6B7759EB1D90957900191B58 = {
						CreatedOnToolsVersion = 8.0;
						ProvisioningStyle = Automatic;
						TestTargetID = 6B7759D51D90957800191B58;
					};
					6B7759F61D90957900191B58 = {
						CreatedOnToolsVersion = 8.0;
						ProvisioningStyle = Automatic;
						TestTargetID = 6B7759D51D90957800191B58;
					};
				};
			};
			buildConfigurationList = 6B7759D11D90957800191B58 /* Build configuration list for PBXProject "Assignment 1" */;
			compatibilityVersion = "Xcode 3.2";
			developmentRegion = English;
			hasScannedForEncodings = 0;
			knownRegions = (
				en,
				Base,
			);
			mainGroup = 6B7759CD1D90957800191B58;
			productRefGroup = 6B7759D71D90957800191B58 /* Products */;
			projectDirPath = "";
			projectRoot = "";
			targets = (
				6B7759D51D90957800191B58 /* Assignment 1 */,
				6B7759EB1D90957900191B58 /* Assignment 1Tests */,
				6B7759F61D90957900191B58 /* Assignment 1UITests */,
			);
		};
/* End PBXProject section */

/* Begin PBXResourcesBuildPhase section */
		6B7759D41D90957800191B58 /* Resources */ = {
			isa = PBXResourcesBuildPhase;
			buildActionMask = 2147483647;
			files = (
				6B7759E61D90957800191B58 /* LaunchScreen.storyboard in Resources */,
				6B7759E31D90957800191B58 /* Assets.xcassets in Resources */,
				6B7759E11D90957800191B58 /* Main.storyboard in Resources */,
			);
			runOnlyForDeploymentPostprocessing = 0;
		};
		6B7759EA1D90957900191B58 /* Resources */ = {
			isa = PBXResourcesBuildPhase;
			buildActionMask = 2147483647;
			files = (
			);
			runOnlyForDeploymentPostprocessing = 0;
		};
		6B7759F51D90957900191B58 /* Resources */ = {
			isa = PBXResourcesBuildPhase;
			buildActionMask = 2147483647;
			files = (
			);
			runOnlyForDeploymentPostprocessing = 0;
		};
/* End PBXResourcesBuildPhase section */

/* Begin PBXSourcesBuildPhase section */
		6B7759D21D90957800191B58 /* Sources */ = {
			isa = PBXSourcesBuildPhase;
			buildActionMask = 2147483647;
			files = (
				6B7759DE1D90957800191B58 /* InstrumentationViewController.swift in Sources */,
				6B7759DA1D90957800191B58 /* AppDelegate.swift in Sources */,
				6B7759DC1D90957800191B58 /* SimulationViewController.swift in Sources */,
			);
			runOnlyForDeploymentPostprocessing = 0;
		};
		6B7759E81D90957900191B58 /* Sources */ = {
			isa = PBXSourcesBuildPhase;
			buildActionMask = 2147483647;
			files = (
				6B7759F11D90957900191B58 /* Assignment_1Tests.swift in Sources */,
			);
			runOnlyForDeploymentPostprocessing = 0;
		};
		6B7759F31D90957900191B58 /* Sources */ = {
			isa = PBXSourcesBuildPhase;
			buildActionMask = 2147483647;
			files = (
				6B7759FC1D90957900191B58 /* Assignment_1UITests.swift in Sources */,
			);
			runOnlyForDeploymentPostprocessing = 0;
		};
/* End PBXSourcesBuildPhase section */

/* Begin PBXTargetDependency section */
		6B7759EE1D90957900191B58 /* PBXTargetDependency */ = {
			isa = PBXTargetDependency;
			target = 6B7759D51D90957800191B58 /* Assignment 1 */;
			targetProxy = 6B7759ED1D90957900191B58 /* PBXContainerItemProxy */;
		};
		6B7759F91D90957900191B58 /* PBXTargetDependency */ = {
			isa = PBXTargetDependency;
			target = 6B7759D51D90957800191B58 /* Assignment 1 */;
			targetProxy = 6B7759F81D90957900191B58 /* PBXContainerItemProxy */;
		};
/* End PBXTargetDependency section */

/* Begin PBXVariantGroup section */
		6B7759DF1D90957800191B58 /* Main.storyboard */ = {
			isa = PBXVariantGroup;
			children = (
				6B7759E01D90957800191B58 /* Base */,
			);
			name = Main.storyboard;
			sourceTree = "<group>";
		};
		6B7759E41D90957800191B58 /* LaunchScreen.storyboard */ = {
			isa = PBXVariantGroup;
			children = (
				6B7759E51D90957800191B58 /* Base */,
			);
			name = LaunchScreen.storyboard;
			sourceTree = "<group>";
		};
/* End PBXVariantGroup section */

/* Begin XCBuildConfiguration section */
		6B7759FE1D90957900191B58 /* Debug */ = {
			isa = XCBuildConfiguration;
			buildSettings = {
				ALWAYS_SEARCH_USER_PATHS = NO;
				CLANG_ANALYZER_NONNULL = YES;
				CLANG_CXX_LANGUAGE_STANDARD = "gnu++0x";
				CLANG_CXX_LIBRARY = "libc++";
				CLANG_ENABLE_MODULES = YES;
				CLANG_ENABLE_OBJC_ARC = YES;
				CLANG_WARN_BOOL_CONVERSION = YES;
				CLANG_WARN_CONSTANT_CONVERSION = YES;
				CLANG_WARN_DIRECT_OBJC_ISA_USAGE = YES_ERROR;
				CLANG_WARN_DOCUMENTATION_COMMENTS = YES;
				CLANG_WARN_EMPTY_BODY = YES;
				CLANG_WARN_ENUM_CONVERSION = YES;
				CLANG_WARN_INFINITE_RECURSION = YES;
				CLANG_WARN_INT_CONVERSION = YES;
				CLANG_WARN_OBJC_ROOT_CLASS = YES_ERROR;
				CLANG_WARN_SUSPICIOUS_MOVES = YES;
				CLANG_WARN_UNREACHABLE_CODE = YES;
				CLANG_WARN__DUPLICATE_METHOD_MATCH = YES;
				"CODE_SIGN_IDENTITY[sdk=iphoneos*]" = "iPhone Developer";
				COPY_PHASE_STRIP = NO;
				DEBUG_INFORMATION_FORMAT = dwarf;
				ENABLE_STRICT_OBJC_MSGSEND = YES;
				ENABLE_TESTABILITY = YES;
				GCC_C_LANGUAGE_STANDARD = gnu99;
				GCC_DYNAMIC_NO_PIC = NO;
				GCC_NO_COMMON_BLOCKS = YES;
				GCC_OPTIMIZATION_LEVEL = 0;
				GCC_PREPROCESSOR_DEFINITIONS = (
					"DEBUG=1",
					"$(inherited)",
				);
				GCC_WARN_64_TO_32_BIT_CONVERSION = YES;
				GCC_WARN_ABOUT_RETURN_TYPE = YES_ERROR;
				GCC_WARN_UNDECLARED_SELECTOR = YES;
				GCC_WARN_UNINITIALIZED_AUTOS = YES_AGGRESSIVE;
				GCC_WARN_UNUSED_FUNCTION = YES;
				GCC_WARN_UNUSED_VARIABLE = YES;
				IPHONEOS_DEPLOYMENT_TARGET = 10.0;
				MTL_ENABLE_DEBUG_INFO = YES;
				ONLY_ACTIVE_ARCH = YES;
				SDKROOT = iphoneos;
				SWIFT_ACTIVE_COMPILATION_CONDITIONS = DEBUG;
				SWIFT_OPTIMIZATION_LEVEL = "-Onone";
				TARGETED_DEVICE_FAMILY = "1,2";
			};
			name = Debug;
		};
		6B7759FF1D90957900191B58 /* Release */ = {
			isa = XCBuildConfiguration;
			buildSettings = {
				ALWAYS_SEARCH_USER_PATHS = NO;
				CLANG_ANALYZER_NONNULL = YES;
				CLANG_CXX_LANGUAGE_STANDARD = "gnu++0x";
				CLANG_CXX_LIBRARY = "libc++";
				CLANG_ENABLE_MODULES = YES;
				CLANG_ENABLE_OBJC_ARC = YES;
				CLANG_WARN_BOOL_CONVERSION = YES;
				CLANG_WARN_CONSTANT_CONVERSION = YES;
				CLANG_WARN_DIRECT_OBJC_ISA_USAGE = YES_ERROR;
				CLANG_WARN_DOCUMENTATION_COMMENTS = YES;
				CLANG_WARN_EMPTY_BODY = YES;
				CLANG_WARN_ENUM_CONVERSION = YES;
				CLANG_WARN_INFINITE_RECURSION = YES;
				CLANG_WARN_INT_CONVERSION = YES;
				CLANG_WARN_OBJC_ROOT_CLASS = YES_ERROR;
				CLANG_WARN_SUSPICIOUS_MOVES = YES;
				CLANG_WARN_UNREACHABLE_CODE = YES;
				CLANG_WARN__DUPLICATE_METHOD_MATCH = YES;
				"CODE_SIGN_IDENTITY[sdk=iphoneos*]" = "iPhone Developer";
				COPY_PHASE_STRIP = NO;
				DEBUG_INFORMATION_FORMAT = "dwarf-with-dsym";
				ENABLE_NS_ASSERTIONS = NO;
				ENABLE_STRICT_OBJC_MSGSEND = YES;
				GCC_C_LANGUAGE_STANDARD = gnu99;
				GCC_NO_COMMON_BLOCKS = YES;
				GCC_WARN_64_TO_32_BIT_CONVERSION = YES;
				GCC_WARN_ABOUT_RETURN_TYPE = YES_ERROR;
				GCC_WARN_UNDECLARED_SELECTOR = YES;
				GCC_WARN_UNINITIALIZED_AUTOS = YES_AGGRESSIVE;
				GCC_WARN_UNUSED_FUNCTION = YES;
				GCC_WARN_UNUSED_VARIABLE = YES;
				IPHONEOS_DEPLOYMENT_TARGET = 10.0;
				MTL_ENABLE_DEBUG_INFO = NO;
				SDKROOT = iphoneos;
				SWIFT_OPTIMIZATION_LEVEL = "-Owholemodule";
				TARGETED_DEVICE_FAMILY = "1,2";
				VALIDATE_PRODUCT = YES;
			};
			name = Release;
		};
		6B775A011D90957900191B58 /* Debug */ = {
			isa = XCBuildConfiguration;
			buildSettings = {
				ASSETCATALOG_COMPILER_APPICON_NAME = AppIcon;
				INFOPLIST_FILE = "Assignment 1/Info.plist";
				LD_RUNPATH_SEARCH_PATHS = "$(inherited) @executable_path/Frameworks";
				PRODUCT_BUNDLE_IDENTIFIER = "BryanFinlayson.Assignment-1";
				PRODUCT_NAME = "$(TARGET_NAME)";
				SWIFT_VERSION = 3.0;
			};
			name = Debug;
		};
		6B775A021D90957900191B58 /* Release */ = {
			isa = XCBuildConfiguration;
			buildSettings = {
				ASSETCATALOG_COMPILER_APPICON_NAME = AppIcon;
				INFOPLIST_FILE = "Assignment 1/Info.plist";
				LD_RUNPATH_SEARCH_PATHS = "$(inherited) @executable_path/Frameworks";
				PRODUCT_BUNDLE_IDENTIFIER = "BryanFinlayson.Assignment-1";
				PRODUCT_NAME = "$(TARGET_NAME)";
				SWIFT_VERSION = 3.0;
			};
			name = Release;
		};
		6B775A041D90957900191B58 /* Debug */ = {
			isa = XCBuildConfiguration;
			buildSettings = {
				ALWAYS_EMBED_SWIFT_STANDARD_LIBRARIES = YES;
				BUNDLE_LOADER = "$(TEST_HOST)";
				INFOPLIST_FILE = "Assignment 1Tests/Info.plist";
				LD_RUNPATH_SEARCH_PATHS = "$(inherited) @executable_path/Frameworks @loader_path/Frameworks";
				PRODUCT_BUNDLE_IDENTIFIER = "BryanFinlayson.Assignment-1Tests";
				PRODUCT_NAME = "$(TARGET_NAME)";
				SWIFT_VERSION = 3.0;
				TEST_HOST = "$(BUILT_PRODUCTS_DIR)/Assignment 1.app/Assignment 1";
			};
			name = Debug;
		};
		6B775A051D90957900191B58 /* Release */ = {
			isa = XCBuildConfiguration;
			buildSettings = {
				ALWAYS_EMBED_SWIFT_STANDARD_LIBRARIES = YES;
				BUNDLE_LOADER = "$(TEST_HOST)";
				INFOPLIST_FILE = "Assignment 1Tests/Info.plist";
				LD_RUNPATH_SEARCH_PATHS = "$(inherited) @executable_path/Frameworks @loader_path/Frameworks";
				PRODUCT_BUNDLE_IDENTIFIER = "BryanFinlayson.Assignment-1Tests";
				PRODUCT_NAME = "$(TARGET_NAME)";
				SWIFT_VERSION = 3.0;
				TEST_HOST = "$(BUILT_PRODUCTS_DIR)/Assignment 1.app/Assignment 1";
			};
			name = Release;
		};
		6B775A071D90957900191B58 /* Debug */ = {
			isa = XCBuildConfiguration;
			buildSettings = {
				ALWAYS_EMBED_SWIFT_STANDARD_LIBRARIES = YES;
				INFOPLIST_FILE = "Assignment 1UITests/Info.plist";
				LD_RUNPATH_SEARCH_PATHS = "$(inherited) @executable_path/Frameworks @loader_path/Frameworks";
				PRODUCT_BUNDLE_IDENTIFIER = "BryanFinlayson.Assignment-1UITests";
				PRODUCT_NAME = "$(TARGET_NAME)";
				SWIFT_VERSION = 3.0;
				TEST_TARGET_NAME = "Assignment 1";
			};
			name = Debug;
		};
		6B775A081D90957900191B58 /* Release */ = {
			isa = XCBuildConfiguration;
			buildSettings = {
				ALWAYS_EMBED_SWIFT_STANDARD_LIBRARIES = YES;
				INFOPLIST_FILE = "Assignment 1UITests/Info.plist";
				LD_RUNPATH_SEARCH_PATHS = "$(inherited) @executable_path/Frameworks @loader_path/Frameworks";
				PRODUCT_BUNDLE_IDENTIFIER = "BryanFinlayson.Assignment-1UITests";
				PRODUCT_NAME = "$(TARGET_NAME)";
				SWIFT_VERSION = 3.0;
				TEST_TARGET_NAME = "Assignment 1";
			};
			name = Release;
		};
/* End XCBuildConfiguration section */

/* Begin XCConfigurationList section */
		6B7759D11D90957800191B58 /* Build configuration list for PBXProject "Assignment 1" */ = {
			isa = XCConfigurationList;
			buildConfigurations = (
				6B7759FE1D90957900191B58 /* Debug */,
				6B7759FF1D90957900191B58 /* Release */,
			);
			defaultConfigurationIsVisible = 0;
			defaultConfigurationName = Release;
		};
		6B775A001D90957900191B58 /* Build configuration list for PBXNativeTarget "Assignment 1" */ = {
			isa = XCConfigurationList;
			buildConfigurations = (
				6B775A011D90957900191B58 /* Debug */,
				6B775A021D90957900191B58 /* Release */,
			);
			defaultConfigurationIsVisible = 0;
		};
		6B775A031D90957900191B58 /* Build configuration list for PBXNativeTarget "Assignment 1Tests" */ = {
			isa = XCConfigurationList;
			buildConfigurations = (
				6B775A041D90957900191B58 /* Debug */,
				6B775A051D90957900191B58 /* Release */,
			);
			defaultConfigurationIsVisible = 0;
		};
		6B775A061D90957900191B58 /* Build configuration list for PBXNativeTarget "Assignment 1UITests" */ = {
			isa = XCConfigurationList;
			buildConfigurations = (
				6B775A071D90957900191B58 /* Debug */,
				6B775A081D90957900191B58 /* Release */,
			);
			defaultConfigurationIsVisible = 0;
		};
/* End XCConfigurationList section */
	};
	rootObject = 6B7759CE1D90957800191B58 /* Project object */;
}
